
Microsoft Visual Studio Solution File, Format Version 12.00
# Visual Studio 15
VisualStudioVersion = 15.0.28307.271
MinimumVisualStudioVersion = 10.0.40219.1
Project("{FAE04EC0-301F-11D3-BF4B-00C04F79EFBC}") = "TextEditor", "TextEditor\TextEditor.csproj", "{14359C41-96B1-46B3-BA28-BFE89C745AD0}"
EndProject
Project("{FAE04EC0-301F-11D3-BF4B-00C04F79EFBC}") = "TextEditor.BL", "TextEditor.BL\TextEditor.BL.csproj", "{60FBD1CC-AA89-456B-8215-ADA682C9D2CC}"
EndProject
Global
	GlobalSection(SolutionConfigurationPlatforms) = preSolution
		Debug|Any CPU = Debug|Any CPU
		Release|Any CPU = Release|Any CPU
	EndGlobalSection
	GlobalSection(ProjectConfigurationPlatforms) = postSolution
		{14359C41-96B1-46B3-BA28-BFE89C745AD0}.Debug|Any CPU.ActiveCfg = Debug|Any CPU
		{14359C41-96B1-46B3-BA28-BFE89C745AD0}.Debug|Any CPU.Build.0 = Debug|Any CPU
		{14359C41-96B1-46B3-BA28-BFE89C745AD0}.Release|Any CPU.ActiveCfg = Release|Any CPU
		{14359C41-96B1-46B3-BA28-BFE89C745AD0}.Release|Any CPU.Build.0 = Release|Any CPU
		{60FBD1CC-AA89-456B-8215-ADA682C9D2CC}.Debug|Any CPU.ActiveCfg = Debug|Any CPU
		{60FBD1CC-AA89-456B-8215-ADA682C9D2CC}.Debug|Any CPU.Build.0 = Debug|Any CPU
		{60FBD1CC-AA89-456B-8215-ADA682C9D2CC}.Release|Any CPU.ActiveCfg = Release|Any CPU
		{60FBD1CC-AA89-456B-8215-ADA682C9D2CC}.Release|Any CPU.Build.0 = Release|Any CPU
	EndGlobalSection
	GlobalSection(SolutionProperties) = preSolution
		HideSolutionNode = FALSE
	EndGlobalSection
	GlobalSection(ExtensibilityGlobals) = postSolution
		SolutionGuid = {0751FA8B-A95E-4BE6-B90B-270064CF1DCC}
	EndGlobalSection
EndGlobal
