
Microsoft Visual Studio Solution File, Format Version 12.00
# Visual Studio 15
VisualStudioVersion = 15.0.28307.271
MinimumVisualStudioVersion = 10.0.40219.1
Project("{FAE04EC0-301F-11D3-BF4B-00C04F79EFBC}") = "TextSplit", "TextSplit\TextSplit.csproj", "{5F6F2FA2-72DD-4CC9-AAE5-DA2651586ECD}"
EndProject
Project("{FAE04EC0-301F-11D3-BF4B-00C04F79EFBC}") = "TextSplitLibrary", "TextSplitLibrary\TextSplitLibrary.csproj", "{0463D800-2467-4AB5-93C8-3A1E06881868}"
EndProject
Project("{FAE04EC0-301F-11D3-BF4B-00C04F79EFBC}") = "TextSplit.Tests", "TextSplit.Tests\TextSplit.Tests.csproj", "{737664C9-B27C-4A37-B138-FF84E8F265BA}"
EndProject
Global
	GlobalSection(SolutionConfigurationPlatforms) = preSolution
		Debug|Any CPU = Debug|Any CPU
		Release|Any CPU = Release|Any CPU
	EndGlobalSection
	GlobalSection(ProjectConfigurationPlatforms) = postSolution
		{5F6F2FA2-72DD-4CC9-AAE5-DA2651586ECD}.Debug|Any CPU.ActiveCfg = Debug|Any CPU
		{5F6F2FA2-72DD-4CC9-AAE5-DA2651586ECD}.Debug|Any CPU.Build.0 = Debug|Any CPU
		{5F6F2FA2-72DD-4CC9-AAE5-DA2651586ECD}.Release|Any CPU.ActiveCfg = Release|Any CPU
		{5F6F2FA2-72DD-4CC9-AAE5-DA2651586ECD}.Release|Any CPU.Build.0 = Release|Any CPU
		{0463D800-2467-4AB5-93C8-3A1E06881868}.Debug|Any CPU.ActiveCfg = Debug|Any CPU
		{0463D800-2467-4AB5-93C8-3A1E06881868}.Debug|Any CPU.Build.0 = Debug|Any CPU
		{0463D800-2467-4AB5-93C8-3A1E06881868}.Release|Any CPU.ActiveCfg = Release|Any CPU
		{0463D800-2467-4AB5-93C8-3A1E06881868}.Release|Any CPU.Build.0 = Release|Any CPU
		{737664C9-B27C-4A37-B138-FF84E8F265BA}.Debug|Any CPU.ActiveCfg = Debug|Any CPU
		{737664C9-B27C-4A37-B138-FF84E8F265BA}.Debug|Any CPU.Build.0 = Debug|Any CPU
		{737664C9-B27C-4A37-B138-FF84E8F265BA}.Release|Any CPU.ActiveCfg = Release|Any CPU
		{737664C9-B27C-4A37-B138-FF84E8F265BA}.Release|Any CPU.Build.0 = Release|Any CPU
	EndGlobalSection
	GlobalSection(SolutionProperties) = preSolution
		HideSolutionNode = FALSE
	EndGlobalSection
	GlobalSection(ExtensibilityGlobals) = postSolution
		SolutionGuid = {09D9159F-0B90-4C3C-A0AB-EA6BB1E7A8EE}
	EndGlobalSection
EndGlobal
